// !$*UTF8*$!
{
	archiveVersion = 1;
	classes = {
	};
	objectVersion = 46;
	objects = {

/* Begin PBXBuildFile section */
		58290EF0B3B348182459C171 /* libPods.a in Frameworks */ = {isa = PBXBuildFile; fileRef = AE39DFEAED743DAF80D2ACC0 /* libPods.a */; };
		7C0BA6D21D01649500910E80 /* Localization.strings in Resources */ = {isa = PBXBuildFile; fileRef = 7C0BA6D01D01649500910E80 /* Localization.strings */; };
		7C54CE131CD1D40D005975C4 /* main.m in Sources */ = {isa = PBXBuildFile; fileRef = 7C54CE121CD1D40D005975C4 /* main.m */; };
		7C54CE161CD1D40D005975C4 /* AppDelegate.m in Sources */ = {isa = PBXBuildFile; fileRef = 7C54CE151CD1D40D005975C4 /* AppDelegate.m */; };
		7C54CE1E1CD1D40D005975C4 /* Assets.xcassets in Resources */ = {isa = PBXBuildFile; fileRef = 7C54CE1D1CD1D40D005975C4 /* Assets.xcassets */; };
		7C54CE211CD1D40D005975C4 /* LaunchScreen.storyboard in Resources */ = {isa = PBXBuildFile; fileRef = 7C54CE1F1CD1D40D005975C4 /* LaunchScreen.storyboard */; };
		7C57F2F11CEC3BE100707D38 /* FTFHomeViewController.m in Sources */ = {isa = PBXBuildFile; fileRef = 7C57F2F01CEC3BE100707D38 /* FTFHomeViewController.m */; };
		7C7504741D06AFDB00A0B652 /* FTFTagCollectionViewFlowLayout.m in Sources */ = {isa = PBXBuildFile; fileRef = 7C7504731D06AFDB00A0B652 /* FTFTagCollectionViewFlowLayout.m */; };
		7C7504771D06B1A200A0B652 /* FTFTagCell.m in Sources */ = {isa = PBXBuildFile; fileRef = 7C7504761D06B1A200A0B652 /* FTFTagCell.m */; };
		7C75047A1D06B21000A0B652 /* FTFTagListView.m in Sources */ = {isa = PBXBuildFile; fileRef = 7C7504791D06B21000A0B652 /* FTFTagListView.m */; };
		7C75047F1D06BEA200A0B652 /* ThirdPartService.m in Sources */ = {isa = PBXBuildFile; fileRef = 7C75047E1D06BEA200A0B652 /* ThirdPartService.m */; };
/* End PBXBuildFile section */

/* Begin PBXFileReference section */
		7C0BA6D11D01649500910E80 /* Base */ = {isa = PBXFileReference; lastKnownFileType = text.plist.strings; name = Base; path = Base.lproj/Localization.strings; sourceTree = "<group>"; };
		7C0BA6D31D01649C00910E80 /* zh-Hans */ = {isa = PBXFileReference; lastKnownFileType = text.plist.strings; name = "zh-Hans"; path = "zh-Hans.lproj/Localization.strings"; sourceTree = "<group>"; };
		7C54CE0E1CD1D40D005975C4 /* FTFTalk.app */ = {isa = PBXFileReference; explicitFileType = wrapper.application; includeInIndex = 0; path = FTFTalk.app; sourceTree = BUILT_PRODUCTS_DIR; };
		7C54CE121CD1D40D005975C4 /* main.m */ = {isa = PBXFileReference; lastKnownFileType = sourcecode.c.objc; path = main.m; sourceTree = "<group>"; };
		7C54CE141CD1D40D005975C4 /* AppDelegate.h */ = {isa = PBXFileReference; lastKnownFileType = sourcecode.c.h; path = AppDelegate.h; sourceTree = "<group>"; };
		7C54CE151CD1D40D005975C4 /* AppDelegate.m */ = {isa = PBXFileReference; lastKnownFileType = sourcecode.c.objc; path = AppDelegate.m; sourceTree = "<group>"; };
		7C54CE1D1CD1D40D005975C4 /* Assets.xcassets */ = {isa = PBXFileReference; lastKnownFileType = folder.assetcatalog; path = Assets.xcassets; sourceTree = "<group>"; };
		7C54CE201CD1D40D005975C4 /* Base */ = {isa = PBXFileReference; lastKnownFileType = file.storyboard; name = Base; path = Base.lproj/LaunchScreen.storyboard; sourceTree = "<group>"; };
		7C54CE221CD1D40D005975C4 /* Info.plist */ = {isa = PBXFileReference; lastKnownFileType = text.plist.xml; path = Info.plist; sourceTree = "<group>"; };
		7C57F2EF1CEC3BE100707D38 /* FTFHomeViewController.h */ = {isa = PBXFileReference; fileEncoding = 4; lastKnownFileType = sourcecode.c.h; path = FTFHomeViewController.h; sourceTree = "<group>"; };
		7C57F2F01CEC3BE100707D38 /* FTFHomeViewController.m */ = {isa = PBXFileReference; fileEncoding = 4; lastKnownFileType = sourcecode.c.objc; path = FTFHomeViewController.m; sourceTree = "<group>"; };
		7C57F2F31CEC41B900707D38 /* UtilsMacro.h */ = {isa = PBXFileReference; lastKnownFileType = sourcecode.c.h; path = UtilsMacro.h; sourceTree = "<group>"; };
		7C7504721D06AFDB00A0B652 /* FTFTagCollectionViewFlowLayout.h */ = {isa = PBXFileReference; fileEncoding = 4; lastKnownFileType = sourcecode.c.h; path = FTFTagCollectionViewFlowLayout.h; sourceTree = "<group>"; };
		7C7504731D06AFDB00A0B652 /* FTFTagCollectionViewFlowLayout.m */ = {isa = PBXFileReference; fileEncoding = 4; lastKnownFileType = sourcecode.c.objc; path = FTFTagCollectionViewFlowLayout.m; sourceTree = "<group>"; };
		7C7504751D06B1A200A0B652 /* FTFTagCell.h */ = {isa = PBXFileReference; fileEncoding = 4; lastKnownFileType = sourcecode.c.h; path = FTFTagCell.h; sourceTree = "<group>"; };
		7C7504761D06B1A200A0B652 /* FTFTagCell.m */ = {isa = PBXFileReference; fileEncoding = 4; lastKnownFileType = sourcecode.c.objc; path = FTFTagCell.m; sourceTree = "<group>"; };
		7C7504781D06B21000A0B652 /* FTFTagListView.h */ = {isa = PBXFileReference; fileEncoding = 4; lastKnownFileType = sourcecode.c.h; path = FTFTagListView.h; sourceTree = "<group>"; };
		7C7504791D06B21000A0B652 /* FTFTagListView.m */ = {isa = PBXFileReference; fileEncoding = 4; lastKnownFileType = sourcecode.c.objc; path = FTFTagListView.m; sourceTree = "<group>"; };
		7C75047D1D06BEA200A0B652 /* ThirdPartService.h */ = {isa = PBXFileReference; fileEncoding = 4; lastKnownFileType = sourcecode.c.h; path = ThirdPartService.h; sourceTree = "<group>"; };
		7C75047E1D06BEA200A0B652 /* ThirdPartService.m */ = {isa = PBXFileReference; fileEncoding = 4; lastKnownFileType = sourcecode.c.objc; path = ThirdPartService.m; sourceTree = "<group>"; };
		7C7504821D070B9000A0B652 /* PrefixHeader.pch */ = {isa = PBXFileReference; lastKnownFileType = sourcecode.c.h; path = PrefixHeader.pch; sourceTree = "<group>"; };
		8C3BEEA211E4614E11E274B6 /* Pods.release.xcconfig */ = {isa = PBXFileReference; includeInIndex = 1; lastKnownFileType = text.xcconfig; name = Pods.release.xcconfig; path = "Pods/Target Support Files/Pods/Pods.release.xcconfig"; sourceTree = "<group>"; };
		AE39DFEAED743DAF80D2ACC0 /* libPods.a */ = {isa = PBXFileReference; explicitFileType = archive.ar; includeInIndex = 0; path = libPods.a; sourceTree = BUILT_PRODUCTS_DIR; };
		D6F5B8BDA982EA77148382D3 /* Pods.debug.xcconfig */ = {isa = PBXFileReference; includeInIndex = 1; lastKnownFileType = text.xcconfig; name = Pods.debug.xcconfig; path = "Pods/Target Support Files/Pods/Pods.debug.xcconfig"; sourceTree = "<group>"; };
/* End PBXFileReference section */

/* Begin PBXFrameworksBuildPhase section */
		7C54CE0B1CD1D40D005975C4 /* Frameworks */ = {
			isa = PBXFrameworksBuildPhase;
			buildActionMask = 2147483647;
			files = (
				58290EF0B3B348182459C171 /* libPods.a in Frameworks */,
			);
			runOnlyForDeploymentPostprocessing = 0;
		};
/* End PBXFrameworksBuildPhase section */

/* Begin PBXGroup section */
		6977053288B9CA714BBBD5A3 /* Frameworks */ = {
			isa = PBXGroup;
			children = (
				AE39DFEAED743DAF80D2ACC0 /* libPods.a */,
			);
			name = Frameworks;
			sourceTree = "<group>";
		};
		7C54CE051CD1D40D005975C4 = {
			isa = PBXGroup;
			children = (
				7C54CE101CD1D40D005975C4 /* FTFTalk */,
				7C54CE0F1CD1D40D005975C4 /* Products */,
				DF1CF95AA0B662FA275CA079 /* Pods */,
				6977053288B9CA714BBBD5A3 /* Frameworks */,
			);
			sourceTree = "<group>";
		};
		7C54CE0F1CD1D40D005975C4 /* Products */ = {
			isa = PBXGroup;
			children = (
				7C54CE0E1CD1D40D005975C4 /* FTFTalk.app */,
			);
			name = Products;
			sourceTree = "<group>";
		};
		7C54CE101CD1D40D005975C4 /* FTFTalk */ = {
			isa = PBXGroup;
			children = (
				7C57F2F21CEC416000707D38 /* Utils */,
				7C57F2ED1CEC18C700707D38 /* Modules */,
				7C75047C1D06BE8600A0B652 /* Vendors */,
				7C57F2EE1CEC18C700707D38 /* Resources */,
				7C54CE111CD1D40D005975C4 /* Supporting Files */,
				7C54CE141CD1D40D005975C4 /* AppDelegate.h */,
				7C54CE151CD1D40D005975C4 /* AppDelegate.m */,
				7C57F2EF1CEC3BE100707D38 /* FTFHomeViewController.h */,
				7C57F2F01CEC3BE100707D38 /* FTFHomeViewController.m */,
			);
			path = FTFTalk;
			sourceTree = "<group>";
		};
		7C54CE111CD1D40D005975C4 /* Supporting Files */ = {
			isa = PBXGroup;
			children = (
				7C0BA6D01D01649500910E80 /* Localization.strings */,
				7C54CE1D1CD1D40D005975C4 /* Assets.xcassets */,
				7C54CE1F1CD1D40D005975C4 /* LaunchScreen.storyboard */,
				7C54CE221CD1D40D005975C4 /* Info.plist */,
				7C54CE121CD1D40D005975C4 /* main.m */,
				7C7504821D070B9000A0B652 /* PrefixHeader.pch */,
			);
			name = "Supporting Files";
			sourceTree = "<group>";
		};
		7C57F2ED1CEC18C700707D38 /* Modules */ = {
			isa = PBXGroup;
			children = (
				7C75046E1D06AF7000A0B652 /* FTFHome */,
				7C75046F1D06AF7000A0B652 /* FTFMessage */,
				7C7504701D06AF7000A0B652 /* FTFMySelf */,
				7C7504711D06AF7000A0B652 /* Utils */,
			);
			path = Modules;
			sourceTree = "<group>";
		};
		7C57F2EE1CEC18C700707D38 /* Resources */ = {
			isa = PBXGroup;
			children = (
			);
			path = Resources;
			sourceTree = "<group>";
		};
		7C57F2F21CEC416000707D38 /* Utils */ = {
			isa = PBXGroup;
			children = (
				7C57F2F31CEC41B900707D38 /* UtilsMacro.h */,
			);
			path = Utils;
			sourceTree = "<group>";
		};
		7C75046E1D06AF7000A0B652 /* FTFHome */ = {
			isa = PBXGroup;
			children = (
			);
			path = FTFHome;
			sourceTree = "<group>";
		};
		7C75046F1D06AF7000A0B652 /* FTFMessage */ = {
			isa = PBXGroup;
			children = (
			);
			path = FTFMessage;
			sourceTree = "<group>";
		};
		7C7504701D06AF7000A0B652 /* FTFMySelf */ = {
			isa = PBXGroup;
			children = (
			);
			path = FTFMySelf;
			sourceTree = "<group>";
		};
		7C7504711D06AF7000A0B652 /* Utils */ = {
			isa = PBXGroup;
			children = (
				7C7504721D06AFDB00A0B652 /* FTFTagCollectionViewFlowLayout.h */,
				7C7504731D06AFDB00A0B652 /* FTFTagCollectionViewFlowLayout.m */,
				7C7504751D06B1A200A0B652 /* FTFTagCell.h */,
				7C7504761D06B1A200A0B652 /* FTFTagCell.m */,
				7C7504781D06B21000A0B652 /* FTFTagListView.h */,
				7C7504791D06B21000A0B652 /* FTFTagListView.m */,
			);
			path = Utils;
			sourceTree = "<group>";
		};
		7C75047C1D06BE8600A0B652 /* Vendors */ = {
			isa = PBXGroup;
			children = (
				7C75047D1D06BEA200A0B652 /* ThirdPartService.h */,
				7C75047E1D06BEA200A0B652 /* ThirdPartService.m */,
			);
			name = Vendors;
			path = Modules/Vendors;
			sourceTree = "<group>";
		};
		DF1CF95AA0B662FA275CA079 /* Pods */ = {
			isa = PBXGroup;
			children = (
				D6F5B8BDA982EA77148382D3 /* Pods.debug.xcconfig */,
				8C3BEEA211E4614E11E274B6 /* Pods.release.xcconfig */,
			);
			name = Pods;
			sourceTree = "<group>";
		};
/* End PBXGroup section */

/* Begin PBXNativeTarget section */
		7C54CE0D1CD1D40D005975C4 /* FTFTalk */ = {
			isa = PBXNativeTarget;
			buildConfigurationList = 7C54CE251CD1D40D005975C4 /* Build configuration list for PBXNativeTarget "FTFTalk" */;
			buildPhases = (
				947CECBB39F99E8BBCC689B3 /* Check Pods Manifest.lock */,
				7C54CE0A1CD1D40D005975C4 /* Sources */,
				7C54CE0B1CD1D40D005975C4 /* Frameworks */,
				7C54CE0C1CD1D40D005975C4 /* Resources */,
				1B905ABB1E680B30A42F27F0 /* Embed Pods Frameworks */,
				F1E627673904879EDE8C6161 /* Copy Pods Resources */,
			);
			buildRules = (
			);
			dependencies = (
			);
			name = FTFTalk;
			productName = FTFTalk;
			productReference = 7C54CE0E1CD1D40D005975C4 /* FTFTalk.app */;
			productType = "com.apple.product-type.application";
		};
/* End PBXNativeTarget section */

/* Begin PBXProject section */
		7C54CE061CD1D40D005975C4 /* Project object */ = {
			isa = PBXProject;
			attributes = {
				LastUpgradeCheck = 0720;
				ORGANIZATIONNAME = oradt;
				TargetAttributes = {
					7C54CE0D1CD1D40D005975C4 = {
						CreatedOnToolsVersion = 7.2;
					};
				};
			};
			buildConfigurationList = 7C54CE091CD1D40D005975C4 /* Build configuration list for PBXProject "FTFTalk" */;
			compatibilityVersion = "Xcode 3.2";
			developmentRegion = English;
			hasScannedForEncodings = 0;
			knownRegions = (
				en,
				Base,
				"zh-Hans",
			);
			mainGroup = 7C54CE051CD1D40D005975C4;
			productRefGroup = 7C54CE0F1CD1D40D005975C4 /* Products */;
			projectDirPath = "";
			projectRoot = "";
			targets = (
				7C54CE0D1CD1D40D005975C4 /* FTFTalk */,
			);
		};
/* End PBXProject section */

/* Begin PBXResourcesBuildPhase section */
		7C54CE0C1CD1D40D005975C4 /* Resources */ = {
			isa = PBXResourcesBuildPhase;
			buildActionMask = 2147483647;
			files = (
				7C54CE211CD1D40D005975C4 /* LaunchScreen.storyboard in Resources */,
				7C0BA6D21D01649500910E80 /* Localization.strings in Resources */,
				7C54CE1E1CD1D40D005975C4 /* Assets.xcassets in Resources */,
			);
			runOnlyForDeploymentPostprocessing = 0;
		};
/* End PBXResourcesBuildPhase section */

/* Begin PBXShellScriptBuildPhase section */
		1B905ABB1E680B30A42F27F0 /* Embed Pods Frameworks */ = {
			isa = PBXShellScriptBuildPhase;
			buildActionMask = 2147483647;
			files = (
			);
			inputPaths = (
			);
			name = "Embed Pods Frameworks";
			outputPaths = (
			);
			runOnlyForDeploymentPostprocessing = 0;
			shellPath = /bin/sh;
			shellScript = "\"${SRCROOT}/Pods/Target Support Files/Pods/Pods-frameworks.sh\"\n";
			showEnvVarsInLog = 0;
		};
		947CECBB39F99E8BBCC689B3 /* Check Pods Manifest.lock */ = {
			isa = PBXShellScriptBuildPhase;
			buildActionMask = 2147483647;
			files = (
			);
			inputPaths = (
			);
			name = "Check Pods Manifest.lock";
			outputPaths = (
			);
			runOnlyForDeploymentPostprocessing = 0;
			shellPath = /bin/sh;
			shellScript = "diff \"${PODS_ROOT}/../Podfile.lock\" \"${PODS_ROOT}/Manifest.lock\" > /dev/null\nif [[ $? != 0 ]] ; then\n    cat << EOM\nerror: The sandbox is not in sync with the Podfile.lock. Run 'pod install' or update your CocoaPods installation.\nEOM\n    exit 1\nfi\n";
			showEnvVarsInLog = 0;
		};
		F1E627673904879EDE8C6161 /* Copy Pods Resources */ = {
			isa = PBXShellScriptBuildPhase;
			buildActionMask = 2147483647;
			files = (
			);
			inputPaths = (
			);
			name = "Copy Pods Resources";
			outputPaths = (
			);
			runOnlyForDeploymentPostprocessing = 0;
			shellPath = /bin/sh;
			shellScript = "\"${SRCROOT}/Pods/Target Support Files/Pods/Pods-resources.sh\"\n";
			showEnvVarsInLog = 0;
		};
/* End PBXShellScriptBuildPhase section */

/* Begin PBXSourcesBuildPhase section */
		7C54CE0A1CD1D40D005975C4 /* Sources */ = {
			isa = PBXSourcesBuildPhase;
			buildActionMask = 2147483647;
			files = (
				7C7504741D06AFDB00A0B652 /* FTFTagCollectionViewFlowLayout.m in Sources */,
				7C54CE161CD1D40D005975C4 /* AppDelegate.m in Sources */,
				7C75047A1D06B21000A0B652 /* FTFTagListView.m in Sources */,
				7C54CE131CD1D40D005975C4 /* main.m in Sources */,
				7C57F2F11CEC3BE100707D38 /* FTFHomeViewController.m in Sources */,
				7C75047F1D06BEA200A0B652 /* ThirdPartService.m in Sources */,
				7C7504771D06B1A200A0B652 /* FTFTagCell.m in Sources */,
			);
			runOnlyForDeploymentPostprocessing = 0;
		};
/* End PBXSourcesBuildPhase section */

/* Begin PBXVariantGroup section */
		7C0BA6D01D01649500910E80 /* Localization.strings */ = {
			isa = PBXVariantGroup;
			children = (
				7C0BA6D11D01649500910E80 /* Base */,
				7C0BA6D31D01649C00910E80 /* zh-Hans */,
			);
			name = Localization.strings;
			sourceTree = "<group>";
		};
		7C54CE1F1CD1D40D005975C4 /* LaunchScreen.storyboard */ = {
			isa = PBXVariantGroup;
			children = (
				7C54CE201CD1D40D005975C4 /* Base */,
			);
			name = LaunchScreen.storyboard;
			sourceTree = "<group>";
		};
/* End PBXVariantGroup section */

/* Begin XCBuildConfiguration section */
		7C54CE231CD1D40D005975C4 /* Debug */ = {
			isa = XCBuildConfiguration;
			buildSettings = {
				ALWAYS_SEARCH_USER_PATHS = NO;
				CLANG_CXX_LANGUAGE_STANDARD = "gnu++0x";
				CLANG_CXX_LIBRARY = "libc++";
				CLANG_ENABLE_MODULES = YES;
				CLANG_ENABLE_OBJC_ARC = YES;
				CLANG_WARN_BOOL_CONVERSION = YES;
				CLANG_WARN_CONSTANT_CONVERSION = YES;
				CLANG_WARN_DIRECT_OBJC_ISA_USAGE = YES_ERROR;
				CLANG_WARN_EMPTY_BODY = YES;
				CLANG_WARN_ENUM_CONVERSION = YES;
				CLANG_WARN_INT_CONVERSION = YES;
				CLANG_WARN_OBJC_ROOT_CLASS = YES_ERROR;
				CLANG_WARN_UNREACHABLE_CODE = YES;
				CLANG_WARN__DUPLICATE_METHOD_MATCH = YES;
				"CODE_SIGN_IDENTITY[sdk=iphoneos*]" = "iPhone Developer";
				COPY_PHASE_STRIP = NO;
				DEBUG_INFORMATION_FORMAT = dwarf;
				ENABLE_STRICT_OBJC_MSGSEND = YES;
				ENABLE_TESTABILITY = YES;
				GCC_C_LANGUAGE_STANDARD = gnu99;
				GCC_DYNAMIC_NO_PIC = NO;
				GCC_NO_COMMON_BLOCKS = YES;
				GCC_OPTIMIZATION_LEVEL = 0;
				GCC_PREPROCESSOR_DEFINITIONS = (
					"DEBUG=1",
					"$(inherited)",
				);
				GCC_WARN_64_TO_32_BIT_CONVERSION = YES;
				GCC_WARN_ABOUT_RETURN_TYPE = YES_ERROR;
				GCC_WARN_UNDECLARED_SELECTOR = YES;
				GCC_WARN_UNINITIALIZED_AUTOS = YES_AGGRESSIVE;
				GCC_WARN_UNUSED_FUNCTION = YES;
				GCC_WARN_UNUSED_VARIABLE = YES;
				IPHONEOS_DEPLOYMENT_TARGET = 9.2;
				MTL_ENABLE_DEBUG_INFO = YES;
				ONLY_ACTIVE_ARCH = YES;
				SDKROOT = iphoneos;
			};
			name = Debug;
		};
		7C54CE241CD1D40D005975C4 /* Release */ = {
			isa = XCBuildConfiguration;
			buildSettings = {
				ALWAYS_SEARCH_USER_PATHS = NO;
				CLANG_CXX_LANGUAGE_STANDARD = "gnu++0x";
				CLANG_CXX_LIBRARY = "libc++";
				CLANG_ENABLE_MODULES = YES;
				CLANG_ENABLE_OBJC_ARC = YES;
				CLANG_WARN_BOOL_CONVERSION = YES;
				CLANG_WARN_CONSTANT_CONVERSION = YES;
				CLANG_WARN_DIRECT_OBJC_ISA_USAGE = YES_ERROR;
				CLANG_WARN_EMPTY_BODY = YES;
				CLANG_WARN_ENUM_CONVERSION = YES;
				CLANG_WARN_INT_CONVERSION = YES;
				CLANG_WARN_OBJC_ROOT_CLASS = YES_ERROR;
				CLANG_WARN_UNREACHABLE_CODE = YES;
				CLANG_WARN__DUPLICATE_METHOD_MATCH = YES;
				"CODE_SIGN_IDENTITY[sdk=iphoneos*]" = "iPhone Developer";
				COPY_PHASE_STRIP = NO;
				DEBUG_INFORMATION_FORMAT = "dwarf-with-dsym";
				ENABLE_NS_ASSERTIONS = NO;
				ENABLE_STRICT_OBJC_MSGSEND = YES;
				GCC_C_LANGUAGE_STANDARD = gnu99;
				GCC_NO_COMMON_BLOCKS = YES;
				GCC_WARN_64_TO_32_BIT_CONVERSION = YES;
				GCC_WARN_ABOUT_RETURN_TYPE = YES_ERROR;
				GCC_WARN_UNDECLARED_SELECTOR = YES;
				GCC_WARN_UNINITIALIZED_AUTOS = YES_AGGRESSIVE;
				GCC_WARN_UNUSED_FUNCTION = YES;
				GCC_WARN_UNUSED_VARIABLE = YES;
				IPHONEOS_DEPLOYMENT_TARGET = 9.2;
				MTL_ENABLE_DEBUG_INFO = NO;
				SDKROOT = iphoneos;
				VALIDATE_PRODUCT = YES;
			};
			name = Release;
		};
		7C54CE261CD1D40D005975C4 /* Debug */ = {
			isa = XCBuildConfiguration;
			baseConfigurationReference = D6F5B8BDA982EA77148382D3 /* Pods.debug.xcconfig */;
			buildSettings = {
				ASSETCATALOG_COMPILER_APPICON_NAME = AppIcon;
				CODE_SIGN_IDENTITY = "iPhone Developer";
				"CODE_SIGN_IDENTITY[sdk=iphoneos*]" = "iPhone Developer";
				GCC_PREFIX_HEADER = FTFTalk/PrefixHeader.pch;
				INFOPLIST_FILE = FTFTalk/Info.plist;
				IPHONEOS_DEPLOYMENT_TARGET = 8.0;
				LD_RUNPATH_SEARCH_PATHS = "$(inherited) @executable_path/Frameworks";
				PRODUCT_BUNDLE_IDENTIFIER = com.oradt.FTFTalk;
				PRODUCT_NAME = "$(TARGET_NAME)";
				PROVISIONING_PROFILE = "";
			};
			name = Debug;
		};
		7C54CE271CD1D40D005975C4 /* Release */ = {
			isa = XCBuildConfiguration;
			baseConfigurationReference = 8C3BEEA211E4614E11E274B6 /* Pods.release.xcconfig */;
			buildSettings = {
				ASSETCATALOG_COMPILER_APPICON_NAME = AppIcon;
				CODE_SIGN_IDENTITY = "iPhone Developer";
				"CODE_SIGN_IDENTITY[sdk=iphoneos*]" = "iPhone Developer";
				GCC_PREFIX_HEADER = FTFTalk/PrefixHeader.pch;
				INFOPLIST_FILE = FTFTalk/Info.plist;
				IPHONEOS_DEPLOYMENT_TARGET = 8.0;
				LD_RUNPATH_SEARCH_PATHS = "$(inherited) @executable_path/Frameworks";
				PRODUCT_BUNDLE_IDENTIFIER = com.oradt.FTFTalk;
				PRODUCT_NAME = "$(TARGET_NAME)";
				PROVISIONING_PROFILE = "";
			};
			name = Release;
		};
/* End XCBuildConfiguration section */

/* Begin XCConfigurationList section */
		7C54CE091CD1D40D005975C4 /* Build configuration list for PBXProject "FTFTalk" */ = {
			isa = XCConfigurationList;
			buildConfigurations = (
				7C54CE231CD1D40D005975C4 /* Debug */,
				7C54CE241CD1D40D005975C4 /* Release */,
			);
			defaultConfigurationIsVisible = 0;
			defaultConfigurationName = Release;
		};
		7C54CE251CD1D40D005975C4 /* Build configuration list for PBXNativeTarget "FTFTalk" */ = {
			isa = XCConfigurationList;
			buildConfigurations = (
				7C54CE261CD1D40D005975C4 /* Debug */,
				7C54CE271CD1D40D005975C4 /* Release */,
			);
			defaultConfigurationIsVisible = 0;
			defaultConfigurationName = Release;
		};
/* End XCConfigurationList section */
	};
	rootObject = 7C54CE061CD1D40D005975C4 /* Project object */;
}
